{
  "name": "linkedin-stock-extension",
  "version": "1.0.0",
  "lockfileVersion": 3,
  "requires": true,
  "packages": {
    "": {
      "name": "linkedin-stock-extension",
      "version": "1.0.0",
      "license": "ISC",
      "dependencies": {
        "chart.js": "^4.4.7",
        "stocks.js": "^0.0.7"
      }
    },
    "node_modules/@kurkle/color": {
      "version": "0.3.4",
      "resolved": "https://registry.npmjs.org/@kurkle/color/-/color-0.3.4.tgz",
      "integrity": "sha512-M5UknZPHRu3DEDWoipU6sE8PdkZ6Z/S+v4dD+Ke8IaNlpdSQah50lz1KtcFBa2vsdOnwbbnxJwVM4wty6udA5w=="
    },
    "node_modules/chart.js": {
      "version": "4.4.7",
      "resolved": "https://registry.npmjs.org/chart.js/-/chart.js-4.4.7.tgz",
      "integrity": "sha512-pwkcKfdzTMAU/+jNosKhNL2bHtJc/sSmYgVbuGTEDhzkrhmyihmP7vUc/5ZK9WopidMDHNe3Wm7jOd/WhuHWuw==",
      "dependencies": {
        "@kurkle/color": "^0.3.0"
      },
      "engines": {
        "pnpm": ">=8"
      }
    },
    "node_modules/stocks.js": {
      "version": "0.0.7",
      "resolved": "https://registry.npmjs.org/stocks.js/-/stocks.js-0.0.7.tgz",
      "integrity": "sha512-cI9iPst/gANhrrI4gInXF8M+lMdfKvA66LCgtg2PCUZICWHvR2Xp9SdLJPnVtLit0kkCMaV1yCsSpNMcO6RSSg==",
      "dependencies": {
        "xmlhttprequest": "^1.8.0"
      },
      "engines": {
        "node": ">=8"
      }
    },
    "node_modules/xmlhttprequest": {
      "version": "1.8.0",
      "resolved": "https://registry.npmjs.org/xmlhttprequest/-/xmlhttprequest-1.8.0.tgz",
      "integrity": "sha512-58Im/U0mlVBLM38NdZjHyhuMtCqa61469k2YP/AaPbvCoV9aQGUpbJBj1QRm2ytRiVQBD/fsw7L2bJGDVQswBA==",
      "engines": {
        "node": ">=0.4.0"
      }
    }
  }
}
